PODS:
  - Flutter (1.0.0)
  - pointer_interceptor_ios (0.0.1):
    - Flutter

DEPENDENCIES:
  - Flutter (from `Flutter`)
  - pointer_interceptor_ios (from `.symlinks/plugins/pointer_interceptor_ios/ios`)

EXTERNAL SOURCES:
  Flutter:
    :path: Flutter
  pointer_interceptor_ios:
    :path: ".symlinks/plugins/pointer_interceptor_ios/ios"

SPEC CHECKSUMS:
  Flutter: e0871f40cf51350855a761d2e70bf5af5b9b5de7
  pointer_interceptor_ios: 9280618c0b2eeb80081a343924aa8ad756c21375

PODFILE CHECKSUM: be2d5a6a2d76c88c7f5fada2e58673a5dbb2ef1b

COCOAPODS: 1.15.2
